
Microsoft Visual Studio Solution File, Format Version 12.00
# Visual Studio Version 17
VisualStudioVersion = 17.13.35825.156 d17.13
MinimumVisualStudioVersion = 10.0.40219.1
Project("{2150E333-8FDC-42A3-9474-1A3956D46DE8}") = "1 - Mvc", "1 - Mvc", "{02EA681E-C7D8-13C7-8484-4AC65E1B71E8}"
EndProject
Project("{2150E333-8FDC-42A3-9474-1A3956D46DE8}") = "2 - Core", "2 - Core", "{D2837793-EC9C-4626-8327-5B63FF640B9E}"
EndProject
Project("{2150E333-8FDC-42A3-9474-1A3956D46DE8}") = "3 - Infrastructure", "3 - Infrastructure", "{FA3EB199-98A5-4592-80ED-5190697CB710}"
EndProject
Project("{FAE04EC0-301F-11D3-BF4B-00C04F79EFBC}") = "CleanArchMvc.WebUI", "CleanArchMvc.WebUI\CleanArchMvc.WebUI.csproj", "{83BBBDA5-36A0-4729-B648-9DE119C1223C}"
EndProject
Project("{FAE04EC0-301F-11D3-BF4B-00C04F79EFBC}") = "CleanArchMvc.Domain", "CleanArchMvc.Domain\CleanArchMvc.Domain.csproj", "{45E0A866-1649-4D62-9E07-689FC7B4FCEF}"
EndProject
Project("{FAE04EC0-301F-11D3-BF4B-00C04F79EFBC}") = "CleanArchMvc.Application", "CleanArchMvc.Application\CleanArchMvc.Application.csproj", "{1B1D7602-7F1E-4A7C-AF63-86DD4F9DAB99}"
EndProject
Project("{FAE04EC0-301F-11D3-BF4B-00C04F79EFBC}") = "CleanArchMvc.Infra.Data", "CleanArchMvc.Infra.Data\CleanArchMvc.Infra.Data.csproj", "{690ABB09-6FFE-48B9-AB75-BF29DEFAF7F9}"
EndProject
Project("{FAE04EC0-301F-11D3-BF4B-00C04F79EFBC}") = "CleanArchMvc.Infra.IoC", "CleanArchMvc.Infra.IoC\CleanArchMvc.Infra.IoC.csproj", "{F8128D7C-F4A7-4489-973B-2994892B7153}"
EndProject
Global
	GlobalSection(SolutionConfigurationPlatforms) = preSolution
		Debug|Any CPU = Debug|Any CPU
		Release|Any CPU = Release|Any CPU
	EndGlobalSection
	GlobalSection(ProjectConfigurationPlatforms) = postSolution
		{83BBBDA5-36A0-4729-B648-9DE119C1223C}.Debug|Any CPU.ActiveCfg = Debug|Any CPU
		{83BBBDA5-36A0-4729-B648-9DE119C1223C}.Debug|Any CPU.Build.0 = Debug|Any CPU
		{83BBBDA5-36A0-4729-B648-9DE119C1223C}.Release|Any CPU.ActiveCfg = Release|Any CPU
		{83BBBDA5-36A0-4729-B648-9DE119C1223C}.Release|Any CPU.Build.0 = Release|Any CPU
		{45E0A866-1649-4D62-9E07-689FC7B4FCEF}.Debug|Any CPU.ActiveCfg = Debug|Any CPU
		{45E0A866-1649-4D62-9E07-689FC7B4FCEF}.Debug|Any CPU.Build.0 = Debug|Any CPU
		{45E0A866-1649-4D62-9E07-689FC7B4FCEF}.Release|Any CPU.ActiveCfg = Release|Any CPU
		{45E0A866-1649-4D62-9E07-689FC7B4FCEF}.Release|Any CPU.Build.0 = Release|Any CPU
		{1B1D7602-7F1E-4A7C-AF63-86DD4F9DAB99}.Debug|Any CPU.ActiveCfg = Debug|Any CPU
		{1B1D7602-7F1E-4A7C-AF63-86DD4F9DAB99}.Debug|Any CPU.Build.0 = Debug|Any CPU
		{1B1D7602-7F1E-4A7C-AF63-86DD4F9DAB99}.Release|Any CPU.ActiveCfg = Release|Any CPU
		{1B1D7602-7F1E-4A7C-AF63-86DD4F9DAB99}.Release|Any CPU.Build.0 = Release|Any CPU
		{690ABB09-6FFE-48B9-AB75-BF29DEFAF7F9}.Debug|Any CPU.ActiveCfg = Debug|Any CPU
		{690ABB09-6FFE-48B9-AB75-BF29DEFAF7F9}.Debug|Any CPU.Build.0 = Debug|Any CPU
		{690ABB09-6FFE-48B9-AB75-BF29DEFAF7F9}.Release|Any CPU.ActiveCfg = Release|Any CPU
		{690ABB09-6FFE-48B9-AB75-BF29DEFAF7F9}.Release|Any CPU.Build.0 = Release|Any CPU
		{F8128D7C-F4A7-4489-973B-2994892B7153}.Debug|Any CPU.ActiveCfg = Debug|Any CPU
		{F8128D7C-F4A7-4489-973B-2994892B7153}.Debug|Any CPU.Build.0 = Debug|Any CPU
		{F8128D7C-F4A7-4489-973B-2994892B7153}.Release|Any CPU.ActiveCfg = Release|Any CPU
		{F8128D7C-F4A7-4489-973B-2994892B7153}.Release|Any CPU.Build.0 = Release|Any CPU
	EndGlobalSection
	GlobalSection(SolutionProperties) = preSolution
		HideSolutionNode = FALSE
	EndGlobalSection
	GlobalSection(NestedProjects) = preSolution
		{83BBBDA5-36A0-4729-B648-9DE119C1223C} = {02EA681E-C7D8-13C7-8484-4AC65E1B71E8}
		{45E0A866-1649-4D62-9E07-689FC7B4FCEF} = {D2837793-EC9C-4626-8327-5B63FF640B9E}
		{1B1D7602-7F1E-4A7C-AF63-86DD4F9DAB99} = {D2837793-EC9C-4626-8327-5B63FF640B9E}
		{690ABB09-6FFE-48B9-AB75-BF29DEFAF7F9} = {FA3EB199-98A5-4592-80ED-5190697CB710}
		{F8128D7C-F4A7-4489-973B-2994892B7153} = {FA3EB199-98A5-4592-80ED-5190697CB710}
	EndGlobalSection
	GlobalSection(ExtensibilityGlobals) = postSolution
		SolutionGuid = {B60903A8-DED1-4F07-8908-9EEA2AB2863F}
	EndGlobalSection
EndGlobal
